
Microsoft Visual Studio Solution File, Format Version 12.00
# Visual Studio 15
VisualStudioVersion = 15.0.26730.15
MinimumVisualStudioVersion = 10.0.40219.1
Project("{2150E333-8FDC-42A3-9474-1A3956D46DE8}") = "Data", "Data", "{A6F7CAFD-17C6-43E2-B7AB-0978A21DB6F3}"
EndProject
Project("{2150E333-8FDC-42A3-9474-1A3956D46DE8}") = "DTO", "DTO", "{BFEB5201-D673-4439-B553-B6DDBB19A426}"
EndProject
Project("{2150E333-8FDC-42A3-9474-1A3956D46DE8}") = "Interface", "Interface", "{A768AC8D-5EBD-4458-91B0-47036F51787D}"
EndProject
Project("{2150E333-8FDC-42A3-9474-1A3956D46DE8}") = "Service", "Service", "{D3228AFA-E0C2-4360-A8F1-68CA95081A7F}"
EndProject
Project("{2150E333-8FDC-42A3-9474-1A3956D46DE8}") = "Web", "Web", "{128795B0-8393-40A9-AEBD-F8C2FA85AC67}"
EndProject
Project("{FAE04EC0-301F-11D3-BF4B-00C04F79EFBC}") = "RCA.Web", "RCA.Web\RCA.Web.csproj", "{6304BE55-0988-4EA0-9DAE-DBBEBD0155B3}"
EndProject
Project("{FAE04EC0-301F-11D3-BF4B-00C04F79EFBC}") = "RCA.Service", "RCA.Service\RCA.Service.csproj", "{E2C023F8-F438-4C5E-B7A4-47FF75AEE866}"
EndProject
Project("{FAE04EC0-301F-11D3-BF4B-00C04F79EFBC}") = "RCA.Interface", "RCA.Interface\RCA.Interface.csproj", "{E88BE73F-E906-4B21-B1E4-0E407009B034}"
EndProject
Project("{FAE04EC0-301F-11D3-BF4B-00C04F79EFBC}") = "RCA.DTO", "RCA.DTO\RCA.DTO.csproj", "{13BE1B1E-4345-44DA-8377-502C31E35A72}"
EndProject
Project("{FAE04EC0-301F-11D3-BF4B-00C04F79EFBC}") = "RCA.Data", "RCA.Data\RCA.Data.csproj", "{2BA0E5DF-3E2D-49BE-9C1A-71AE94005E11}"
EndProject
Global
	GlobalSection(SolutionConfigurationPlatforms) = preSolution
		Debug|Any CPU = Debug|Any CPU
		Release|Any CPU = Release|Any CPU
	EndGlobalSection
	GlobalSection(ProjectConfigurationPlatforms) = postSolution
		{6304BE55-0988-4EA0-9DAE-DBBEBD0155B3}.Debug|Any CPU.ActiveCfg = Debug|Any CPU
		{6304BE55-0988-4EA0-9DAE-DBBEBD0155B3}.Debug|Any CPU.Build.0 = Debug|Any CPU
		{6304BE55-0988-4EA0-9DAE-DBBEBD0155B3}.Release|Any CPU.ActiveCfg = Release|Any CPU
		{6304BE55-0988-4EA0-9DAE-DBBEBD0155B3}.Release|Any CPU.Build.0 = Release|Any CPU
		{E2C023F8-F438-4C5E-B7A4-47FF75AEE866}.Debug|Any CPU.ActiveCfg = Debug|Any CPU
		{E2C023F8-F438-4C5E-B7A4-47FF75AEE866}.Debug|Any CPU.Build.0 = Debug|Any CPU
		{E2C023F8-F438-4C5E-B7A4-47FF75AEE866}.Release|Any CPU.ActiveCfg = Release|Any CPU
		{E2C023F8-F438-4C5E-B7A4-47FF75AEE866}.Release|Any CPU.Build.0 = Release|Any CPU
		{E88BE73F-E906-4B21-B1E4-0E407009B034}.Debug|Any CPU.ActiveCfg = Debug|Any CPU
		{E88BE73F-E906-4B21-B1E4-0E407009B034}.Debug|Any CPU.Build.0 = Debug|Any CPU
		{E88BE73F-E906-4B21-B1E4-0E407009B034}.Release|Any CPU.ActiveCfg = Release|Any CPU
		{E88BE73F-E906-4B21-B1E4-0E407009B034}.Release|Any CPU.Build.0 = Release|Any CPU
		{13BE1B1E-4345-44DA-8377-502C31E35A72}.Debug|Any CPU.ActiveCfg = Debug|Any CPU
		{13BE1B1E-4345-44DA-8377-502C31E35A72}.Debug|Any CPU.Build.0 = Debug|Any CPU
		{13BE1B1E-4345-44DA-8377-502C31E35A72}.Release|Any CPU.ActiveCfg = Release|Any CPU
		{13BE1B1E-4345-44DA-8377-502C31E35A72}.Release|Any CPU.Build.0 = Release|Any CPU
		{2BA0E5DF-3E2D-49BE-9C1A-71AE94005E11}.Debug|Any CPU.ActiveCfg = Debug|Any CPU
		{2BA0E5DF-3E2D-49BE-9C1A-71AE94005E11}.Debug|Any CPU.Build.0 = Debug|Any CPU
		{2BA0E5DF-3E2D-49BE-9C1A-71AE94005E11}.Release|Any CPU.ActiveCfg = Release|Any CPU
		{2BA0E5DF-3E2D-49BE-9C1A-71AE94005E11}.Release|Any CPU.Build.0 = Release|Any CPU
	EndGlobalSection
	GlobalSection(SolutionProperties) = preSolution
		HideSolutionNode = FALSE
	EndGlobalSection
	GlobalSection(NestedProjects) = preSolution
		{6304BE55-0988-4EA0-9DAE-DBBEBD0155B3} = {128795B0-8393-40A9-AEBD-F8C2FA85AC67}
		{E2C023F8-F438-4C5E-B7A4-47FF75AEE866} = {D3228AFA-E0C2-4360-A8F1-68CA95081A7F}
		{E88BE73F-E906-4B21-B1E4-0E407009B034} = {A768AC8D-5EBD-4458-91B0-47036F51787D}
		{13BE1B1E-4345-44DA-8377-502C31E35A72} = {BFEB5201-D673-4439-B553-B6DDBB19A426}
		{2BA0E5DF-3E2D-49BE-9C1A-71AE94005E11} = {A6F7CAFD-17C6-43E2-B7AB-0978A21DB6F3}
	EndGlobalSection
	GlobalSection(ExtensibilityGlobals) = postSolution
		SolutionGuid = {DFA8719A-AAF8-4956-ACED-B7E37A7A3D97}
	EndGlobalSection
EndGlobal
